PODS:
  - Flutter (1.0.0)
  - flutter_local_notifications (0.0.1):
  - bluetoothadapter (0.0.1):
    - Flutter
  - fading_images_slider (0.0.1):
    - Flutter
  - Flutter (1.0.0)
  - flutter_bluetooth_serial (0.0.1):
    - Flutter
  - flutter_keyboard_visibility (0.0.1):
    - Flutter
  - flutter_sms (1.1.0):
    - Flutter
  - flutter_svprogresshud (0.0.1):
    - Flutter
  - flutter_phone_state (0.0.1):
    - Flutter
  - flutter_user_agent (1.2.2):
    - Flutter
  - fluttertoast (0.0.2):
    - Flutter
    - Toast
  - FMDB (2.7.5):
    - FMDB/standard (= 2.7.5)
  - FMDB/standard (2.7.5)
  - path_provider (0.0.1):
    - Flutter
  - pedometer (0.0.1):
    - Flutter
  - shared_preferences (0.0.1):
    - Flutter
  - sqflite (0.0.2):
    - Flutter
    - FMDB (>= 2.7.5)
  - step_counter (0.0.1):
  - geocoder (0.0.1):
    - Flutter
  - geolocator (6.2.0):
    - Flutter
  - google_maps_flutter (0.0.1):
    - Flutter
    - GoogleMaps (< 3.10)
  - GoogleMaps (3.9.0):
    - GoogleMaps/Maps (= 3.9.0)
  - GoogleMaps/Base (3.9.0)
  - GoogleMaps/Maps (3.9.0):
    - GoogleMaps/Base
  - image_picker (0.0.1):
    - Flutter
  - shared_preferences (0.0.1):
    - Flutter
  - sms (0.0.1):
    - Flutter
  - Toast (4.0.0)
  - url_launcher (0.0.1):
    - Flutter

DEPENDENCIES:
  - Flutter (from `Flutter`)
  - flutter_local_notifications (from `.symlinks/plugins/flutter_local_notifications/ios`)
  - flutter_phone_state (from `.symlinks/plugins/flutter_phone_state/ios`)
  - fluttertoast (from `.symlinks/plugins/fluttertoast/ios`)
  - path_provider (from `.symlinks/plugins/path_provider/ios`)
  - pedometer (from `.symlinks/plugins/pedometer/ios`)
  - shared_preferences (from `.symlinks/plugins/shared_preferences/ios`)
  - sqflite (from `.symlinks/plugins/sqflite/ios`)
  - step_counter (from `.symlinks/plugins/step_counter/ios`)
  - bluetoothadapter (from `.symlinks/plugins/bluetoothadapter/ios`)
  - fading_images_slider (from `.symlinks/plugins/fading_images_slider/ios`)
  - Flutter (from `Flutter`)
  - flutter_bluetooth_serial (from `.symlinks/plugins/flutter_bluetooth_serial/ios`)
  - flutter_keyboard_visibility (from `.symlinks/plugins/flutter_keyboard_visibility/ios`)
  - flutter_sms (from `.symlinks/plugins/flutter_sms/ios`)
  - flutter_svprogresshud (from `.symlinks/plugins/flutter_svprogresshud/ios`)
  - flutter_user_agent (from `.symlinks/plugins/flutter_user_agent/ios`)
  - fluttertoast (from `.symlinks/plugins/fluttertoast/ios`)
  - geocoder (from `.symlinks/plugins/geocoder/ios`)
  - geolocator (from `.symlinks/plugins/geolocator/ios`)
  - google_maps_flutter (from `.symlinks/plugins/google_maps_flutter/ios`)
  - image_picker (from `.symlinks/plugins/image_picker/ios`)
  - shared_preferences (from `.symlinks/plugins/shared_preferences/ios`)
  - sms (from `.symlinks/plugins/sms/ios`)
  - url_launcher (from `.symlinks/plugins/url_launcher/ios`)

SPEC REPOS:
  trunk:
    - FMDB
    - Toast

EXTERNAL SOURCES:
  Flutter:
    :path: Flutter
  flutter_local_notifications:
    :path: ".symlinks/plugins/flutter_local_notifications/ios"
  flutter_phone_state:
    :path: ".symlinks/plugins/flutter_phone_state/ios"
  fluttertoast:
    :path: ".symlinks/plugins/fluttertoast/ios"
  path_provider:
    :path: ".symlinks/plugins/path_provider/ios"
  pedometer:
    :path: ".symlinks/plugins/pedometer/ios"
  shared_preferences:
    :path: ".symlinks/plugins/shared_preferences/ios"
  sqflite:
    :path: ".symlinks/plugins/sqflite/ios"
  step_counter:
    :path: ".symlinks/plugins/step_counter/ios"
    - GoogleMaps
    - Toast

EXTERNAL SOURCES:
  bluetoothadapter:
    :path: ".symlinks/plugins/bluetoothadapter/ios"
  fading_images_slider:
    :path: ".symlinks/plugins/fading_images_slider/ios"
  Flutter:
    :path: Flutter
  flutter_bluetooth_serial:
    :path: ".symlinks/plugins/flutter_bluetooth_serial/ios"
  flutter_keyboard_visibility:
    :path: ".symlinks/plugins/flutter_keyboard_visibility/ios"
  flutter_sms:
    :path: ".symlinks/plugins/flutter_sms/ios"
  flutter_svprogresshud:
    :path: ".symlinks/plugins/flutter_svprogresshud/ios"
  flutter_user_agent:
    :path: ".symlinks/plugins/flutter_user_agent/ios"
  fluttertoast:
    :path: ".symlinks/plugins/fluttertoast/ios"
  geocoder:
    :path: ".symlinks/plugins/geocoder/ios"
  geolocator:
    :path: ".symlinks/plugins/geolocator/ios"
  google_maps_flutter:
    :path: ".symlinks/plugins/google_maps_flutter/ios"
  image_picker:
    :path: ".symlinks/plugins/image_picker/ios"
  shared_preferences:
    :path: ".symlinks/plugins/shared_preferences/ios"
  sms:
    :path: ".symlinks/plugins/sms/ios"
  url_launcher:
    :path: ".symlinks/plugins/url_launcher/ios"

SPEC CHECKSUMS:
  Flutter: 434fef37c0980e73bb6479ef766c45957d4b510c
  flutter_local_notifications: 9e4738ce2471c5af910d961a6b7eadcf57c50186
  flutter_phone_state: ebb27962d725cbe0bdf498654c2a9083acf91b75
  fluttertoast: 6122fa75143e992b1d3470f61000f591a798cc58
  FMDB: 2ce00b547f966261cd18927a3ddb07cb6f3db82a
  path_provider: f96fff6166a8867510d2c25fdcc346327cc4b259
  pedometer: 381969883680ade42559782cc41a3bbd453d8234
  shared_preferences: af6bfa751691cdc24be3045c43ec037377ada40d
  sqflite: 6d358c025f5b867b29ed92fc697fd34924e11904
  step_counter: 00260f7487443b8cc95d82d3878869a3ba9fb41f
  bluetoothadapter: 82749e00216e8563659c01ed9ae2a76ad3a0a898
  fading_images_slider: 349fb2e5eb0e2bb3365a333191d4478f485e9a6d
  Flutter: 434fef37c0980e73bb6479ef766c45957d4b510c
  flutter_bluetooth_serial: a42f785e4f7d2a6390d415cc39da5474ec2fef4f
  flutter_keyboard_visibility: 0339d06371254c3eb25eeb90ba8d17dca8f9c069
  flutter_sms: 91ce41530f55c85d6524d82307a5d555844c086a
  flutter_svprogresshud: ceba1e73d861459f50f602df702308c661dd7509
  flutter_user_agent: 27c45d034dc31b80948d29998cea52cd3a7bf936
  fluttertoast: 6122fa75143e992b1d3470f61000f591a798cc58
  geocoder: 3cfab70531a0b367e917bafe82df4c30f6d4c45a
  geolocator: f5e3de65e241caba7ce3e8a618803387bda73384
  google_maps_flutter: c7f9c73576de1fbe152a227bfd6e6c4ae8088619
  GoogleMaps: 4b5346bddfe6911bb89155d43c903020170523ac
  image_picker: 50e7c7ff960e5f58faa4d1f4af84a771c671bc4a
  shared_preferences: af6bfa751691cdc24be3045c43ec037377ada40d
  sms: 1e6c3082da09f2a4961d61bc254cc86865993ffd
  Toast: 91b396c56ee72a5790816f40d3a94dd357abc196
  url_launcher: 6fef411d543ceb26efce54b05a0a40bfd74cbbef

PODFILE CHECKSUM: aafe91acc616949ddb318b77800a7f51bffa2a4c

COCOAPODS: 1.10.1
